
Microsoft Visual Studio Solution File, Format Version 12.00
# Visual Studio Version 17
VisualStudioVersion = 17.0.31903.59
MinimumVisualStudioVersion = 10.0.40219.1
Project("{2150E333-8FDC-42A3-9474-1A3956D46DE8}") = "src", "src", "{827E0CD3-B72D-47B6-A68D-7590B98EB39B}"
EndProject
Project("{FAE04EC0-301F-11D3-BF4B-00C04F79EFBC}") = "Api", "src\Api\Api.csproj", "{EE4BDB26-4680-4A09-959E-4E6605918F31}"
EndProject
Project("{FAE04EC0-301F-11D3-BF4B-00C04F79EFBC}") = "Application", "src\Application\Application.csproj", "{854E6BC2-4216-4EE2-944B-49C403F6BEFB}"
EndProject
Project("{FAE04EC0-301F-11D3-BF4B-00C04F79EFBC}") = "Domain", "src\Domain\Domain.csproj", "{CC54E109-09FF-40FC-A9F3-7CA843764CA6}"
EndProject
Project("{FAE04EC0-301F-11D3-BF4B-00C04F79EFBC}") = "Infrastructure", "src\Infrastructure\Infrastructure.csproj", "{753552D8-79C4-4369-8F32-69772085EB6C}"
EndProject
Global
	GlobalSection(SolutionConfigurationPlatforms) = preSolution
		Debug|Any CPU = Debug|Any CPU
		Debug|x64 = Debug|x64
		Debug|x86 = Debug|x86
		Release|Any CPU = Release|Any CPU
		Release|x64 = Release|x64
		Release|x86 = Release|x86
	EndGlobalSection
	GlobalSection(ProjectConfigurationPlatforms) = postSolution
		{EE4BDB26-4680-4A09-959E-4E6605918F31}.Debug|Any CPU.ActiveCfg = Debug|Any CPU
		{EE4BDB26-4680-4A09-959E-4E6605918F31}.Debug|Any CPU.Build.0 = Debug|Any CPU
		{EE4BDB26-4680-4A09-959E-4E6605918F31}.Debug|x64.ActiveCfg = Debug|Any CPU
		{EE4BDB26-4680-4A09-959E-4E6605918F31}.Debug|x64.Build.0 = Debug|Any CPU
		{EE4BDB26-4680-4A09-959E-4E6605918F31}.Debug|x86.ActiveCfg = Debug|Any CPU
		{EE4BDB26-4680-4A09-959E-4E6605918F31}.Debug|x86.Build.0 = Debug|Any CPU
		{EE4BDB26-4680-4A09-959E-4E6605918F31}.Release|Any CPU.ActiveCfg = Release|Any CPU
		{EE4BDB26-4680-4A09-959E-4E6605918F31}.Release|Any CPU.Build.0 = Release|Any CPU
		{EE4BDB26-4680-4A09-959E-4E6605918F31}.Release|x64.ActiveCfg = Release|Any CPU
		{EE4BDB26-4680-4A09-959E-4E6605918F31}.Release|x64.Build.0 = Release|Any CPU
		{EE4BDB26-4680-4A09-959E-4E6605918F31}.Release|x86.ActiveCfg = Release|Any CPU
		{EE4BDB26-4680-4A09-959E-4E6605918F31}.Release|x86.Build.0 = Release|Any CPU
		{854E6BC2-4216-4EE2-944B-49C403F6BEFB}.Debug|Any CPU.ActiveCfg = Debug|Any CPU
		{854E6BC2-4216-4EE2-944B-49C403F6BEFB}.Debug|Any CPU.Build.0 = Debug|Any CPU
		{854E6BC2-4216-4EE2-944B-49C403F6BEFB}.Debug|x64.ActiveCfg = Debug|Any CPU
		{854E6BC2-4216-4EE2-944B-49C403F6BEFB}.Debug|x64.Build.0 = Debug|Any CPU
		{854E6BC2-4216-4EE2-944B-49C403F6BEFB}.Debug|x86.ActiveCfg = Debug|Any CPU
		{854E6BC2-4216-4EE2-944B-49C403F6BEFB}.Debug|x86.Build.0 = Debug|Any CPU
		{854E6BC2-4216-4EE2-944B-49C403F6BEFB}.Release|Any CPU.ActiveCfg = Release|Any CPU
		{854E6BC2-4216-4EE2-944B-49C403F6BEFB}.Release|Any CPU.Build.0 = Release|Any CPU
		{854E6BC2-4216-4EE2-944B-49C403F6BEFB}.Release|x64.ActiveCfg = Release|Any CPU
		{854E6BC2-4216-4EE2-944B-49C403F6BEFB}.Release|x64.Build.0 = Release|Any CPU
		{854E6BC2-4216-4EE2-944B-49C403F6BEFB}.Release|x86.ActiveCfg = Release|Any CPU
		{854E6BC2-4216-4EE2-944B-49C403F6BEFB}.Release|x86.Build.0 = Release|Any CPU
		{CC54E109-09FF-40FC-A9F3-7CA843764CA6}.Debug|Any CPU.ActiveCfg = Debug|Any CPU
		{CC54E109-09FF-40FC-A9F3-7CA843764CA6}.Debug|Any CPU.Build.0 = Debug|Any CPU
		{CC54E109-09FF-40FC-A9F3-7CA843764CA6}.Debug|x64.ActiveCfg = Debug|Any CPU
		{CC54E109-09FF-40FC-A9F3-7CA843764CA6}.Debug|x64.Build.0 = Debug|Any CPU
		{CC54E109-09FF-40FC-A9F3-7CA843764CA6}.Debug|x86.ActiveCfg = Debug|Any CPU
		{CC54E109-09FF-40FC-A9F3-7CA843764CA6}.Debug|x86.Build.0 = Debug|Any CPU
		{CC54E109-09FF-40FC-A9F3-7CA843764CA6}.Release|Any CPU.ActiveCfg = Release|Any CPU
		{CC54E109-09FF-40FC-A9F3-7CA843764CA6}.Release|Any CPU.Build.0 = Release|Any CPU
		{CC54E109-09FF-40FC-A9F3-7CA843764CA6}.Release|x64.ActiveCfg = Release|Any CPU
		{CC54E109-09FF-40FC-A9F3-7CA843764CA6}.Release|x64.Build.0 = Release|Any CPU
		{CC54E109-09FF-40FC-A9F3-7CA843764CA6}.Release|x86.ActiveCfg = Release|Any CPU
		{CC54E109-09FF-40FC-A9F3-7CA843764CA6}.Release|x86.Build.0 = Release|Any CPU
		{753552D8-79C4-4369-8F32-69772085EB6C}.Debug|Any CPU.ActiveCfg = Debug|Any CPU
		{753552D8-79C4-4369-8F32-69772085EB6C}.Debug|Any CPU.Build.0 = Debug|Any CPU
		{753552D8-79C4-4369-8F32-69772085EB6C}.Debug|x64.ActiveCfg = Debug|Any CPU
		{753552D8-79C4-4369-8F32-69772085EB6C}.Debug|x64.Build.0 = Debug|Any CPU
		{753552D8-79C4-4369-8F32-69772085EB6C}.Debug|x86.ActiveCfg = Debug|Any CPU
		{753552D8-79C4-4369-8F32-69772085EB6C}.Debug|x86.Build.0 = Debug|Any CPU
		{753552D8-79C4-4369-8F32-69772085EB6C}.Release|Any CPU.ActiveCfg = Release|Any CPU
		{753552D8-79C4-4369-8F32-69772085EB6C}.Release|Any CPU.Build.0 = Release|Any CPU
		{753552D8-79C4-4369-8F32-69772085EB6C}.Release|x64.ActiveCfg = Release|Any CPU
		{753552D8-79C4-4369-8F32-69772085EB6C}.Release|x64.Build.0 = Release|Any CPU
		{753552D8-79C4-4369-8F32-69772085EB6C}.Release|x86.ActiveCfg = Release|Any CPU
		{753552D8-79C4-4369-8F32-69772085EB6C}.Release|x86.Build.0 = Release|Any CPU
	EndGlobalSection
	GlobalSection(SolutionProperties) = preSolution
		HideSolutionNode = FALSE
	EndGlobalSection
	GlobalSection(NestedProjects) = preSolution
		{EE4BDB26-4680-4A09-959E-4E6605918F31} = {827E0CD3-B72D-47B6-A68D-7590B98EB39B}
		{854E6BC2-4216-4EE2-944B-49C403F6BEFB} = {827E0CD3-B72D-47B6-A68D-7590B98EB39B}
		{CC54E109-09FF-40FC-A9F3-7CA843764CA6} = {827E0CD3-B72D-47B6-A68D-7590B98EB39B}
		{753552D8-79C4-4369-8F32-69772085EB6C} = {827E0CD3-B72D-47B6-A68D-7590B98EB39B}
	EndGlobalSection
EndGlobal
